
Microsoft Visual Studio Solution File, Format Version 12.00
# Visual Studio Version 16
VisualStudioVersion = 16.0.32630.194
MinimumVisualStudioVersion = 10.0.40219.1
Project("{FAE04EC0-301F-11D3-BF4B-00C04F79EFBC}") = "QuanLyKhachSan", "QuanLyKhachSan\QuanLyKhachSan.csproj", "{3951A8D8-6477-4B79-9BF6-C31F37C3F279}"
EndProject
Global
	GlobalSection(SolutionConfigurationPlatforms) = preSolution
		Debug|Any CPU = Debug|Any CPU
		Release|Any CPU = Release|Any CPU
	EndGlobalSection
	GlobalSection(ProjectConfigurationPlatforms) = postSolution
		{3951A8D8-6477-4B79-9BF6-C31F37C3F279}.Debug|Any CPU.ActiveCfg = Debug|Any CPU
		{3951A8D8-6477-4B79-9BF6-C31F37C3F279}.Debug|Any CPU.Build.0 = Debug|Any CPU
		{3951A8D8-6477-4B79-9BF6-C31F37C3F279}.Release|Any CPU.ActiveCfg = Release|Any CPU
		{3951A8D8-6477-4B79-9BF6-C31F37C3F279}.Release|Any CPU.Build.0 = Release|Any CPU
	EndGlobalSection
	GlobalSection(SolutionProperties) = preSolution
		HideSolutionNode = FALSE
	EndGlobalSection
	GlobalSection(ExtensibilityGlobals) = postSolution
		SolutionGuid = {FD27340C-C249-4C31-A2FD-2D3CE0237253}
	EndGlobalSection
EndGlobal
